
Microsoft Visual Studio Solution File, Format Version 12.00
# Visual Studio Version 16
VisualStudioVersion = 16.0.810.10
MinimumVisualStudioVersion = 10.0.40219.1
Project("{FAE04EC0-301F-11D3-BF4B-00C04F79EFBC}") = "MadLibs", "MadLibs\MadLibs.csproj", "{039F6BDD-4C97-489F-BA28-902E2715B401}"
EndProject
Global
	GlobalSection(SolutionConfigurationPlatforms) = preSolution
		Debug|Any CPU = Debug|Any CPU
		Release|Any CPU = Release|Any CPU
	EndGlobalSection
	GlobalSection(ProjectConfigurationPlatforms) = postSolution
		{039F6BDD-4C97-489F-BA28-902E2715B401}.Debug|Any CPU.ActiveCfg = Debug|Any CPU
		{039F6BDD-4C97-489F-BA28-902E2715B401}.Debug|Any CPU.Build.0 = Debug|Any CPU
		{039F6BDD-4C97-489F-BA28-902E2715B401}.Release|Any CPU.ActiveCfg = Release|Any CPU
		{039F6BDD-4C97-489F-BA28-902E2715B401}.Release|Any CPU.Build.0 = Release|Any CPU
	EndGlobalSection
	GlobalSection(SolutionProperties) = preSolution
		HideSolutionNode = FALSE
	EndGlobalSection
	GlobalSection(ExtensibilityGlobals) = postSolution
		SolutionGuid = {013E8882-8090-4439-AC40-C0200BB2CC8D}
	EndGlobalSection
EndGlobal
